
Microsoft Visual Studio Solution File, Format Version 12.00
# Visual Studio Version 17
VisualStudioVersion = 17.8.34309.116
MinimumVisualStudioVersion = 10.0.40219.1
Project("{9A19103F-16F7-4668-BE54-9A1E7A4F7556}") = "PM2RECU1", "PM2RECU1\PM2RECU1.csproj", "{A0E78300-71E3-46DC-BDDB-B7781FC8489C}"
EndProject
Global
	GlobalSection(SolutionConfigurationPlatforms) = preSolution
		Debug|Any CPU = Debug|Any CPU
		Release|Any CPU = Release|Any CPU
	EndGlobalSection
	GlobalSection(ProjectConfigurationPlatforms) = postSolution
		{A0E78300-71E3-46DC-BDDB-B7781FC8489C}.Debug|Any CPU.ActiveCfg = Debug|Any CPU
		{A0E78300-71E3-46DC-BDDB-B7781FC8489C}.Debug|Any CPU.Build.0 = Debug|Any CPU
		{A0E78300-71E3-46DC-BDDB-B7781FC8489C}.Debug|Any CPU.Deploy.0 = Debug|Any CPU
		{A0E78300-71E3-46DC-BDDB-B7781FC8489C}.Release|Any CPU.ActiveCfg = Release|Any CPU
		{A0E78300-71E3-46DC-BDDB-B7781FC8489C}.Release|Any CPU.Build.0 = Release|Any CPU
		{A0E78300-71E3-46DC-BDDB-B7781FC8489C}.Release|Any CPU.Deploy.0 = Release|Any CPU
	EndGlobalSection
	GlobalSection(SolutionProperties) = preSolution
		HideSolutionNode = FALSE
	EndGlobalSection
	GlobalSection(ExtensibilityGlobals) = postSolution
		SolutionGuid = {18DEAC8D-3CA4-4FF9-85DE-B7EA9F45FB70}
	EndGlobalSection
EndGlobal
